{
  "name": "ajs-new",
  "version": "1.0.0",
  "lockfileVersion": 3,
  "requires": true,
  "packages": {
    "": {
      "name": "ajs-new",
      "version": "1.0.0",
      "license": "ISC",
      "dependencies": {
        "@lyubasm/ajs": "^1.1.1"
      }
    },
    "node_modules/@lyubasm/ajs": {
      "version": "1.1.1",
      "resolved": "https://npm.pkg.github.com/download/@lyubasm/ajs/1.1.1/1329d51b5aff184ece335f9bc8e71c28cdd2528a",
      "integrity": "sha512-Pgyp2fCPBZ64pUWFUZC6cNoMbS02qmmOBtRqi6eiI4uMFZgH8/vxAxk99vNYYnYduyCY5vpZSquRxAlrUf0lKQ==",
      "license": "ISC"
    }
  }
}
